// !$*UTF8*$!
{
	archiveVersion = 1;
	classes = {
	};
	objectVersion = 60;
	objects = {

/* Begin PBXBuildFile section */
		EF2C63C12C21AE2800948AAA /* iColregsApp.swift in Sources */ = {isa = PBXBuildFile; fileRef = EF2C63C02C21AE2800948AAA /* iColregsApp.swift */; };
		EF2C63C32C21AE2800948AAA /* ContentView.swift in Sources */ = {isa = PBXBuildFile; fileRef = EF2C63C22C21AE2800948AAA /* ContentView.swift */; };
		EF2C63C52C21AE2900948AAA /* Assets.xcassets in Resources */ = {isa = PBXBuildFile; fileRef = EF2C63C42C21AE2900948AAA /* Assets.xcassets */; };
		EF2C63C82C21AE2900948AAA /* Preview Assets.xcassets in Resources */ = {isa = PBXBuildFile; fileRef = EF2C63C72C21AE2900948AAA /* Preview Assets.xcassets */; };
		EF2C63D22C21AF2800948AAA /* colregs.json in Resources */ = {isa = PBXBuildFile; fileRef = EF2C63D12C21AF1900948AAA /* colregs.json */; };
		EF2C63D72C21B12500948AAA /* SectionModel.swift in Sources */ = {isa = PBXBuildFile; fileRef = EF2C63D62C21B12500948AAA /* SectionModel.swift */; };
		EF2C63D92C21B1BE00948AAA /* PartModel.swift in Sources */ = {isa = PBXBuildFile; fileRef = EF2C63D82C21B1BE00948AAA /* PartModel.swift */; };
		EF2C63DB2C21B29F00948AAA /* RuleModel.swift in Sources */ = {isa = PBXBuildFile; fileRef = EF2C63DA2C21B29F00948AAA /* RuleModel.swift */; };
		EF2C63DF2C21B39F00948AAA /* ContentModel.swift in Sources */ = {isa = PBXBuildFile; fileRef = EF2C63DE2C21B39F00948AAA /* ContentModel.swift */; };
		EF2C63E22C21BEEB00948AAA /* AppViewModel.swift in Sources */ = {isa = PBXBuildFile; fileRef = EF2C63E12C21BEEB00948AAA /* AppViewModel.swift */; };
		EF2C63E52C21C5FB00948AAA /* ColregsModel.swift in Sources */ = {isa = PBXBuildFile; fileRef = EF2C63E42C21C5FB00948AAA /* ColregsModel.swift */; };
		EF2C63E72C21D55C00948AAA /* ColregsView.swift in Sources */ = {isa = PBXBuildFile; fileRef = EF2C63E62C21D55C00948AAA /* ColregsView.swift */; };
		EF2C63E92C21D59000948AAA /* AboutView.swift in Sources */ = {isa = PBXBuildFile; fileRef = EF2C63E82C21D59000948AAA /* AboutView.swift */; };
		EF2C63EB2C21EB2400948AAA /* RuleView.swift in Sources */ = {isa = PBXBuildFile; fileRef = EF2C63EA2C21EB2400948AAA /* RuleView.swift */; };
		EF51699C2C241EF700F0ED95 /* ripam.json in Resources */ = {isa = PBXBuildFile; fileRef = EF51699B2C241EF700F0ED95 /* ripam.json */; };
		EF51699E2C2426A100F0ED95 /* RipamView.swift in Sources */ = {isa = PBXBuildFile; fileRef = EF51699D2C2426A100F0ED95 /* RipamView.swift */; };
		EF5169A02C2427B700F0ED95 /* RipamModel.swift in Sources */ = {isa = PBXBuildFile; fileRef = EF51699F2C2427B700F0ED95 /* RipamModel.swift */; };
		EFE5CC7D2C2221610018F367 /* annexes_en.json in Resources */ = {isa = PBXBuildFile; fileRef = EFE5CC7C2C2221610018F367 /* annexes_en.json */; };
		EFED4F652C270B4E00149FD9 /* Ripam.md in Resources */ = {isa = PBXBuildFile; fileRef = EFED4F632C270B4E00149FD9 /* Ripam.md */; };
		EFED4F662C270B4E00149FD9 /* Colregs.md in Resources */ = {isa = PBXBuildFile; fileRef = EFED4F622C270B4E00149FD9 /* Colregs.md */; };
		EFED4F6A2C276BCA00149FD9 /* annexes_fr.json in Resources */ = {isa = PBXBuildFile; fileRef = EFED4F692C276BCA00149FD9 /* annexes_fr.json */; };
/* End PBXBuildFile section */

/* Begin PBXFileReference section */
		EF2C63BD2C21AE2800948AAA /* iColregs.app */ = {isa = PBXFileReference; explicitFileType = wrapper.application; includeInIndex = 0; path = iColregs.app; sourceTree = BUILT_PRODUCTS_DIR; };
		EF2C63C02C21AE2800948AAA /* iColregsApp.swift */ = {isa = PBXFileReference; lastKnownFileType = sourcecode.swift; path = iColregsApp.swift; sourceTree = "<group>"; };
		EF2C63C22C21AE2800948AAA /* ContentView.swift */ = {isa = PBXFileReference; lastKnownFileType = sourcecode.swift; path = ContentView.swift; sourceTree = "<group>"; };
		EF2C63C42C21AE2900948AAA /* Assets.xcassets */ = {isa = PBXFileReference; lastKnownFileType = folder.assetcatalog; path = Assets.xcassets; sourceTree = "<group>"; };
		EF2C63C72C21AE2900948AAA /* Preview Assets.xcassets */ = {isa = PBXFileReference; lastKnownFileType = folder.assetcatalog; path = "Preview Assets.xcassets"; sourceTree = "<group>"; };
		EF2C63D12C21AF1900948AAA /* colregs.json */ = {isa = PBXFileReference; lastKnownFileType = text.json; path = colregs.json; sourceTree = "<group>"; };
		EF2C63D62C21B12500948AAA /* SectionModel.swift */ = {isa = PBXFileReference; lastKnownFileType = sourcecode.swift; path = SectionModel.swift; sourceTree = "<group>"; };
		EF2C63D82C21B1BE00948AAA /* PartModel.swift */ = {isa = PBXFileReference; lastKnownFileType = sourcecode.swift; path = PartModel.swift; sourceTree = "<group>"; };
		EF2C63DA2C21B29F00948AAA /* RuleModel.swift */ = {isa = PBXFileReference; lastKnownFileType = sourcecode.swift; path = RuleModel.swift; sourceTree = "<group>"; };
		EF2C63DE2C21B39F00948AAA /* ContentModel.swift */ = {isa = PBXFileReference; lastKnownFileType = sourcecode.swift; path = ContentModel.swift; sourceTree = "<group>"; };
		EF2C63E12C21BEEB00948AAA /* AppViewModel.swift */ = {isa = PBXFileReference; lastKnownFileType = sourcecode.swift; path = AppViewModel.swift; sourceTree = "<group>"; };
		EF2C63E42C21C5FB00948AAA /* ColregsModel.swift */ = {isa = PBXFileReference; lastKnownFileType = sourcecode.swift; path = ColregsModel.swift; sourceTree = "<group>"; };
		EF2C63E62C21D55C00948AAA /* ColregsView.swift */ = {isa = PBXFileReference; lastKnownFileType = sourcecode.swift; path = ColregsView.swift; sourceTree = "<group>"; };
		EF2C63E82C21D59000948AAA /* AboutView.swift */ = {isa = PBXFileReference; lastKnownFileType = sourcecode.swift; path = AboutView.swift; sourceTree = "<group>"; };
		EF2C63EA2C21EB2400948AAA /* RuleView.swift */ = {isa = PBXFileReference; lastKnownFileType = sourcecode.swift; path = RuleView.swift; sourceTree = "<group>"; };
		EF51699A2C238DB800F0ED95 /* Info.plist */ = {isa = PBXFileReference; lastKnownFileType = text.plist; path = Info.plist; sourceTree = "<group>"; };
		EF51699B2C241EF700F0ED95 /* ripam.json */ = {isa = PBXFileReference; lastKnownFileType = text.json; path = ripam.json; sourceTree = "<group>"; };
		EF51699D2C2426A100F0ED95 /* RipamView.swift */ = {isa = PBXFileReference; lastKnownFileType = sourcecode.swift; path = RipamView.swift; sourceTree = "<group>"; };
		EF51699F2C2427B700F0ED95 /* RipamModel.swift */ = {isa = PBXFileReference; lastKnownFileType = sourcecode.swift; path = RipamModel.swift; sourceTree = "<group>"; };
		EFE5CC7C2C2221610018F367 /* annexes_en.json */ = {isa = PBXFileReference; lastKnownFileType = text.json; path = annexes_en.json; sourceTree = "<group>"; };
		EFED4F622C270B4E00149FD9 /* Colregs.md */ = {isa = PBXFileReference; lastKnownFileType = net.daringfireball.markdown; path = Colregs.md; sourceTree = "<group>"; };
		EFED4F632C270B4E00149FD9 /* Ripam.md */ = {isa = PBXFileReference; lastKnownFileType = net.daringfireball.markdown; path = Ripam.md; sourceTree = "<group>"; };
		EFED4F692C276BCA00149FD9 /* annexes_fr.json */ = {isa = PBXFileReference; lastKnownFileType = text.json; path = annexes_fr.json; sourceTree = "<group>"; };
/* End PBXFileReference section */

/* Begin PBXFrameworksBuildPhase section */
		EF2C63BA2C21AE2800948AAA /* Frameworks */ = {
			isa = PBXFrameworksBuildPhase;
			buildActionMask = 2147483647;
			files = (
			);
			runOnlyForDeploymentPostprocessing = 0;
		};
/* End PBXFrameworksBuildPhase section */

/* Begin PBXGroup section */
		EF2C63B42C21AE2800948AAA = {
			isa = PBXGroup;
			children = (
				EF2C63BF2C21AE2800948AAA /* iColregs */,
				EF2C63BE2C21AE2800948AAA /* Products */,
			);
			sourceTree = "<group>";
		};
		EF2C63BE2C21AE2800948AAA /* Products */ = {
			isa = PBXGroup;
			children = (
				EF2C63BD2C21AE2800948AAA /* iColregs.app */,
			);
			name = Products;
			sourceTree = "<group>";
		};
		EF2C63BF2C21AE2800948AAA /* iColregs */ = {
			isa = PBXGroup;
			children = (
				EF51699A2C238DB800F0ED95 /* Info.plist */,
				EF2C63CE2C21AEB600948AAA /* App */,
				EF2C63CF2C21AEC600948AAA /* Core */,
				EF2C63D52C21B10900948AAA /* Models */,
				EF2C63D02C21AEDE00948AAA /* Data */,
				EFED4F642C270B4E00149FD9 /* Original Texts */,
				EF2C63C42C21AE2900948AAA /* Assets.xcassets */,
				EF2C63C62C21AE2900948AAA /* Preview Content */,
			);
			path = iColregs;
			sourceTree = "<group>";
		};
		EF2C63C62C21AE2900948AAA /* Preview Content */ = {
			isa = PBXGroup;
			children = (
				EF2C63C72C21AE2900948AAA /* Preview Assets.xcassets */,
			);
			path = "Preview Content";
			sourceTree = "<group>";
		};
		EF2C63CE2C21AEB600948AAA /* App */ = {
			isa = PBXGroup;
			children = (
				EF2C63C02C21AE2800948AAA /* iColregsApp.swift */,
			);
			path = App;
			sourceTree = "<group>";
		};
		EF2C63CF2C21AEC600948AAA /* Core */ = {
			isa = PBXGroup;
			children = (
				EF2C63E02C21BED700948AAA /* Views */,
				EF2C63E32C21BEF200948AAA /* ViewModel */,
			);
			path = Core;
			sourceTree = "<group>";
		};
		EF2C63D02C21AEDE00948AAA /* Data */ = {
			isa = PBXGroup;
			children = (
				EF2C63D12C21AF1900948AAA /* colregs.json */,
				EF51699B2C241EF700F0ED95 /* ripam.json */,
				EFE5CC7C2C2221610018F367 /* annexes_en.json */,
				EFED4F692C276BCA00149FD9 /* annexes_fr.json */,
			);
			path = Data;
			sourceTree = "<group>";
		};
		EF2C63D52C21B10900948AAA /* Models */ = {
			isa = PBXGroup;
			children = (
				EF2C63E42C21C5FB00948AAA /* ColregsModel.swift */,
				EF51699F2C2427B700F0ED95 /* RipamModel.swift */,
				EF2C63D82C21B1BE00948AAA /* PartModel.swift */,
				EF2C63D62C21B12500948AAA /* SectionModel.swift */,
				EF2C63DA2C21B29F00948AAA /* RuleModel.swift */,
				EF2C63DE2C21B39F00948AAA /* ContentModel.swift */,
			);
			path = Models;
			sourceTree = "<group>";
		};
		EF2C63E02C21BED700948AAA /* Views */ = {
			isa = PBXGroup;
			children = (
				EF2C63C22C21AE2800948AAA /* ContentView.swift */,
				EF2C63E62C21D55C00948AAA /* ColregsView.swift */,
				EF51699D2C2426A100F0ED95 /* RipamView.swift */,
				EF2C63EA2C21EB2400948AAA /* RuleView.swift */,
				EF2C63E82C21D59000948AAA /* AboutView.swift */,
			);
			path = Views;
			sourceTree = "<group>";
		};
		EF2C63E32C21BEF200948AAA /* ViewModel */ = {
			isa = PBXGroup;
			children = (
				EF2C63E12C21BEEB00948AAA /* AppViewModel.swift */,
			);
			path = ViewModel;
			sourceTree = "<group>";
		};
		EFED4F642C270B4E00149FD9 /* Original Texts */ = {
			isa = PBXGroup;
			children = (
				EFED4F622C270B4E00149FD9 /* Colregs.md */,
				EFED4F632C270B4E00149FD9 /* Ripam.md */,
			);
			path = "Original Texts";
			sourceTree = "<group>";
		};
/* End PBXGroup section */

/* Begin PBXNativeTarget section */
		EF2C63BC2C21AE2800948AAA /* iColregs */ = {
			isa = PBXNativeTarget;
			buildConfigurationList = EF2C63CB2C21AE2900948AAA /* Build configuration list for PBXNativeTarget "iColregs" */;
			buildPhases = (
				EF2C63B92C21AE2800948AAA /* Sources */,
				EF2C63BA2C21AE2800948AAA /* Frameworks */,
				EF2C63BB2C21AE2800948AAA /* Resources */,
			);
			buildRules = (
			);
			dependencies = (
			);
			name = iColregs;
			productName = iColregs;
			productReference = EF2C63BD2C21AE2800948AAA /* iColregs.app */;
			productType = "com.apple.product-type.application";
		};
/* End PBXNativeTarget section */

/* Begin PBXProject section */
		EF2C63B52C21AE2800948AAA /* Project object */ = {
			isa = PBXProject;
			attributes = {
				BuildIndependentTargetsInParallel = 1;
				LastSwiftUpdateCheck = 1600;
				LastUpgradeCheck = 1600;
				TargetAttributes = {
					EF2C63BC2C21AE2800948AAA = {
						CreatedOnToolsVersion = 16.0;
					};
				};
			};
			buildConfigurationList = EF2C63B82C21AE2800948AAA /* Build configuration list for PBXProject "iColregs" */;
			compatibilityVersion = "Xcode 15.0";
			developmentRegion = en;
			hasScannedForEncodings = 0;
			knownRegions = (
				en,
				Base,
			);
			mainGroup = EF2C63B42C21AE2800948AAA;
			productRefGroup = EF2C63BE2C21AE2800948AAA /* Products */;
			projectDirPath = "";
			projectRoot = "";
			targets = (
				EF2C63BC2C21AE2800948AAA /* iColregs */,
			);
		};
/* End PBXProject section */

/* Begin PBXResourcesBuildPhase section */
		EF2C63BB2C21AE2800948AAA /* Resources */ = {
			isa = PBXResourcesBuildPhase;
			buildActionMask = 2147483647;
			files = (
				EF2C63D22C21AF2800948AAA /* colregs.json in Resources */,
				EFE5CC7D2C2221610018F367 /* annexes_en.json in Resources */,
				EF2C63C82C21AE2900948AAA /* Preview Assets.xcassets in Resources */,
				EF51699C2C241EF700F0ED95 /* ripam.json in Resources */,
				EFED4F6A2C276BCA00149FD9 /* annexes_fr.json in Resources */,
				EFED4F652C270B4E00149FD9 /* Ripam.md in Resources */,
				EFED4F662C270B4E00149FD9 /* Colregs.md in Resources */,
				EF2C63C52C21AE2900948AAA /* Assets.xcassets in Resources */,
			);
			runOnlyForDeploymentPostprocessing = 0;
		};
/* End PBXResourcesBuildPhase section */

/* Begin PBXSourcesBuildPhase section */
		EF2C63B92C21AE2800948AAA /* Sources */ = {
			isa = PBXSourcesBuildPhase;
			buildActionMask = 2147483647;
			files = (
				EF2C63E22C21BEEB00948AAA /* AppViewModel.swift in Sources */,
				EF2C63E72C21D55C00948AAA /* ColregsView.swift in Sources */,
				EF2C63C32C21AE2800948AAA /* ContentView.swift in Sources */,
				EF5169A02C2427B700F0ED95 /* RipamModel.swift in Sources */,
				EF2C63D72C21B12500948AAA /* SectionModel.swift in Sources */,
				EF2C63E92C21D59000948AAA /* AboutView.swift in Sources */,
				EF2C63EB2C21EB2400948AAA /* RuleView.swift in Sources */,
				EF51699E2C2426A100F0ED95 /* RipamView.swift in Sources */,
				EF2C63D92C21B1BE00948AAA /* PartModel.swift in Sources */,
				EF2C63E52C21C5FB00948AAA /* ColregsModel.swift in Sources */,
				EF2C63C12C21AE2800948AAA /* iColregsApp.swift in Sources */,
				EF2C63DF2C21B39F00948AAA /* ContentModel.swift in Sources */,
				EF2C63DB2C21B29F00948AAA /* RuleModel.swift in Sources */,
			);
			runOnlyForDeploymentPostprocessing = 0;
		};
/* End PBXSourcesBuildPhase section */

/* Begin XCBuildConfiguration section */
		EF2C63C92C21AE2900948AAA /* Debug */ = {
			isa = XCBuildConfiguration;
			buildSettings = {
				ALWAYS_SEARCH_USER_PATHS = NO;
				ASSETCATALOG_COMPILER_GENERATE_SWIFT_ASSET_SYMBOL_EXTENSIONS = YES;
				CLANG_ANALYZER_NONNULL = YES;
				CLANG_ANALYZER_NUMBER_OBJECT_CONVERSION = YES_AGGRESSIVE;
				CLANG_CXX_LANGUAGE_STANDARD = "gnu++20";
				CLANG_ENABLE_MODULES = YES;
				CLANG_ENABLE_OBJC_ARC = YES;
				CLANG_ENABLE_OBJC_WEAK = YES;
				CLANG_WARN_BLOCK_CAPTURE_AUTORELEASING = YES;
				CLANG_WARN_BOOL_CONVERSION = YES;
				CLANG_WARN_COMMA = YES;
				CLANG_WARN_CONSTANT_CONVERSION = YES;
				CLANG_WARN_DEPRECATED_OBJC_IMPLEMENTATIONS = YES;
				CLANG_WARN_DIRECT_OBJC_ISA_USAGE = YES_ERROR;
				CLANG_WARN_DOCUMENTATION_COMMENTS = YES;
				CLANG_WARN_EMPTY_BODY = YES;
				CLANG_WARN_ENUM_CONVERSION = YES;
				CLANG_WARN_INFINITE_RECURSION = YES;
				CLANG_WARN_INT_CONVERSION = YES;
				CLANG_WARN_NON_LITERAL_NULL_CONVERSION = YES;
				CLANG_WARN_OBJC_IMPLICIT_RETAIN_SELF = YES;
				CLANG_WARN_OBJC_LITERAL_CONVERSION = YES;
				CLANG_WARN_OBJC_ROOT_CLASS = YES_ERROR;
				CLANG_WARN_QUOTED_INCLUDE_IN_FRAMEWORK_HEADER = YES;
				CLANG_WARN_RANGE_LOOP_ANALYSIS = YES;
				CLANG_WARN_STRICT_PROTOTYPES = YES;
				CLANG_WARN_SUSPICIOUS_MOVE = YES;
				CLANG_WARN_UNGUARDED_AVAILABILITY = YES_AGGRESSIVE;
				CLANG_WARN_UNREACHABLE_CODE = YES;
				CLANG_WARN__DUPLICATE_METHOD_MATCH = YES;
				COPY_PHASE_STRIP = NO;
				DEBUG_INFORMATION_FORMAT = dwarf;
				ENABLE_STRICT_OBJC_MSGSEND = YES;
				ENABLE_TESTABILITY = YES;
				ENABLE_USER_SCRIPT_SANDBOXING = YES;
				GCC_C_LANGUAGE_STANDARD = gnu17;
				GCC_DYNAMIC_NO_PIC = NO;
				GCC_NO_COMMON_BLOCKS = YES;
				GCC_OPTIMIZATION_LEVEL = 0;
				GCC_PREPROCESSOR_DEFINITIONS = (
					"DEBUG=1",
					"$(inherited)",
				);
				GCC_WARN_64_TO_32_BIT_CONVERSION = YES;
				GCC_WARN_ABOUT_RETURN_TYPE = YES_ERROR;
				GCC_WARN_UNDECLARED_SELECTOR = YES;
				GCC_WARN_UNINITIALIZED_AUTOS = YES_AGGRESSIVE;
				GCC_WARN_UNUSED_FUNCTION = YES;
				GCC_WARN_UNUSED_VARIABLE = YES;
				IPHONEOS_DEPLOYMENT_TARGET = 18.0;
				LOCALIZATION_PREFERS_STRING_CATALOGS = YES;
				MTL_ENABLE_DEBUG_INFO = INCLUDE_SOURCE;
				MTL_FAST_MATH = YES;
				ONLY_ACTIVE_ARCH = YES;
				SDKROOT = iphoneos;
				SWIFT_ACTIVE_COMPILATION_CONDITIONS = "DEBUG $(inherited)";
				SWIFT_OPTIMIZATION_LEVEL = "-Onone";
			};
			name = Debug;
		};
		EF2C63CA2C21AE2900948AAA /* Release */ = {
			isa = XCBuildConfiguration;
			buildSettings = {
				ALWAYS_SEARCH_USER_PATHS = NO;
				ASSETCATALOG_COMPILER_GENERATE_SWIFT_ASSET_SYMBOL_EXTENSIONS = YES;
				CLANG_ANALYZER_NONNULL = YES;
				CLANG_ANALYZER_NUMBER_OBJECT_CONVERSION = YES_AGGRESSIVE;
				CLANG_CXX_LANGUAGE_STANDARD = "gnu++20";
				CLANG_ENABLE_MODULES = YES;
				CLANG_ENABLE_OBJC_ARC = YES;
				CLANG_ENABLE_OBJC_WEAK = YES;
				CLANG_WARN_BLOCK_CAPTURE_AUTORELEASING = YES;
				CLANG_WARN_BOOL_CONVERSION = YES;
				CLANG_WARN_COMMA = YES;
				CLANG_WARN_CONSTANT_CONVERSION = YES;
				CLANG_WARN_DEPRECATED_OBJC_IMPLEMENTATIONS = YES;
				CLANG_WARN_DIRECT_OBJC_ISA_USAGE = YES_ERROR;
				CLANG_WARN_DOCUMENTATION_COMMENTS = YES;
				CLANG_WARN_EMPTY_BODY = YES;
				CLANG_WARN_ENUM_CONVERSION = YES;
				CLANG_WARN_INFINITE_RECURSION = YES;
				CLANG_WARN_INT_CONVERSION = YES;
				CLANG_WARN_NON_LITERAL_NULL_CONVERSION = YES;
				CLANG_WARN_OBJC_IMPLICIT_RETAIN_SELF = YES;
				CLANG_WARN_OBJC_LITERAL_CONVERSION = YES;
				CLANG_WARN_OBJC_ROOT_CLASS = YES_ERROR;
				CLANG_WARN_QUOTED_INCLUDE_IN_FRAMEWORK_HEADER = YES;
				CLANG_WARN_RANGE_LOOP_ANALYSIS = YES;
				CLANG_WARN_STRICT_PROTOTYPES = YES;
				CLANG_WARN_SUSPICIOUS_MOVE = YES;
				CLANG_WARN_UNGUARDED_AVAILABILITY = YES_AGGRESSIVE;
				CLANG_WARN_UNREACHABLE_CODE = YES;
				CLANG_WARN__DUPLICATE_METHOD_MATCH = YES;
				COPY_PHASE_STRIP = NO;
				DEBUG_INFORMATION_FORMAT = "dwarf-with-dsym";
				ENABLE_NS_ASSERTIONS = NO;
				ENABLE_STRICT_OBJC_MSGSEND = YES;
				ENABLE_USER_SCRIPT_SANDBOXING = YES;
				GCC_C_LANGUAGE_STANDARD = gnu17;
				GCC_NO_COMMON_BLOCKS = YES;
				GCC_WARN_64_TO_32_BIT_CONVERSION = YES;
				GCC_WARN_ABOUT_RETURN_TYPE = YES_ERROR;
				GCC_WARN_UNDECLARED_SELECTOR = YES;
				GCC_WARN_UNINITIALIZED_AUTOS = YES_AGGRESSIVE;
				GCC_WARN_UNUSED_FUNCTION = YES;
				GCC_WARN_UNUSED_VARIABLE = YES;
				IPHONEOS_DEPLOYMENT_TARGET = 18.0;
				LOCALIZATION_PREFERS_STRING_CATALOGS = YES;
				MTL_ENABLE_DEBUG_INFO = NO;
				MTL_FAST_MATH = YES;
				SDKROOT = iphoneos;
				SWIFT_COMPILATION_MODE = wholemodule;
				VALIDATE_PRODUCT = YES;
			};
			name = Release;
		};
		EF2C63CC2C21AE2900948AAA /* Debug */ = {
			isa = XCBuildConfiguration;
			buildSettings = {
				ASSETCATALOG_COMPILER_APPICON_NAME = AppIcon;
				ASSETCATALOG_COMPILER_GLOBAL_ACCENT_COLOR_NAME = AccentColor;
				ASSETCATALOG_COMPILER_INCLUDE_ALL_APPICON_ASSETS = YES;
				CODE_SIGN_IDENTITY = "Apple Development";
				"CODE_SIGN_IDENTITY[sdk=iphoneos*]" = "iPhone Developer";
				CODE_SIGN_STYLE = Manual;
				CURRENT_PROJECT_VERSION = 9;
				DEVELOPMENT_ASSET_PATHS = "\"iColregs/Preview Content\"";
				DEVELOPMENT_TEAM = "";
				"DEVELOPMENT_TEAM[sdk=iphoneos*]" = AFN965WVDV;
				ENABLE_PREVIEWS = YES;
				GENERATE_INFOPLIST_FILE = YES;
				INFOPLIST_FILE = iColregs/Info.plist;
				INFOPLIST_KEY_CFBundleDisplayName = iColregs;
				INFOPLIST_KEY_LSApplicationCategoryType = "public.app-category.navigation";
				INFOPLIST_KEY_UIApplicationSceneManifest_Generation = YES;
				INFOPLIST_KEY_UIApplicationSupportsIndirectInputEvents = YES;
				INFOPLIST_KEY_UILaunchScreen_Generation = YES;
				INFOPLIST_KEY_UISupportedInterfaceOrientations = "UIInterfaceOrientationLandscapeLeft UIInterfaceOrientationLandscapeRight UIInterfaceOrientationPortrait";
				INFOPLIST_KEY_UISupportedInterfaceOrientations_iPad = "UIInterfaceOrientationLandscapeLeft UIInterfaceOrientationLandscapeRight UIInterfaceOrientationPortrait UIInterfaceOrientationPortraitUpsideDown";
				IPHONEOS_DEPLOYMENT_TARGET = 17.0;
				LD_RUNPATH_SEARCH_PATHS = (
					"$(inherited)",
					"@executable_path/Frameworks",
				);
				MARKETING_VERSION = 1.0;
				PRODUCT_BUNDLE_IDENTIFIER = Net.Silex.iColregs;
				PRODUCT_NAME = "$(TARGET_NAME)";
				PROVISIONING_PROFILE_SPECIFIER = "";
				"PROVISIONING_PROFILE_SPECIFIER[sdk=iphoneos*]" = "Colregs Profile";
				SUPPORTED_PLATFORMS = "iphoneos iphonesimulator";
				SUPPORTS_MACCATALYST = NO;
				SUPPORTS_MAC_DESIGNED_FOR_IPHONE_IPAD = NO;
				SUPPORTS_XR_DESIGNED_FOR_IPHONE_IPAD = NO;
				SWIFT_EMIT_LOC_STRINGS = YES;
				SWIFT_VERSION = 5.0;
				TARGETED_DEVICE_FAMILY = "1,2";
			};
			name = Debug;
		};
		EF2C63CD2C21AE2900948AAA /* Release */ = {
			isa = XCBuildConfiguration;
			buildSettings = {
				ASSETCATALOG_COMPILER_APPICON_NAME = AppIcon;
				ASSETCATALOG_COMPILER_GLOBAL_ACCENT_COLOR_NAME = AccentColor;
				ASSETCATALOG_COMPILER_INCLUDE_ALL_APPICON_ASSETS = YES;
				CODE_SIGN_IDENTITY = "Apple Development";
				"CODE_SIGN_IDENTITY[sdk=iphoneos*]" = "iPhone Developer";
				CODE_SIGN_STYLE = Manual;
				CURRENT_PROJECT_VERSION = 9;
				DEVELOPMENT_ASSET_PATHS = "\"iColregs/Preview Content\"";
				DEVELOPMENT_TEAM = "";
				"DEVELOPMENT_TEAM[sdk=iphoneos*]" = AFN965WVDV;
				ENABLE_PREVIEWS = YES;
				GENERATE_INFOPLIST_FILE = YES;
				INFOPLIST_FILE = iColregs/Info.plist;
				INFOPLIST_KEY_CFBundleDisplayName = iColregs;
				INFOPLIST_KEY_LSApplicationCategoryType = "public.app-category.navigation";
				INFOPLIST_KEY_UIApplicationSceneManifest_Generation = YES;
				INFOPLIST_KEY_UIApplicationSupportsIndirectInputEvents = YES;
				INFOPLIST_KEY_UILaunchScreen_Generation = YES;
				INFOPLIST_KEY_UISupportedInterfaceOrientations = "UIInterfaceOrientationLandscapeLeft UIInterfaceOrientationLandscapeRight UIInterfaceOrientationPortrait";
				INFOPLIST_KEY_UISupportedInterfaceOrientations_iPad = "UIInterfaceOrientationLandscapeLeft UIInterfaceOrientationLandscapeRight UIInterfaceOrientationPortrait UIInterfaceOrientationPortraitUpsideDown";
				IPHONEOS_DEPLOYMENT_TARGET = 17.0;
				LD_RUNPATH_SEARCH_PATHS = (
					"$(inherited)",
					"@executable_path/Frameworks",
				);
				MARKETING_VERSION = 1.0;
				PRODUCT_BUNDLE_IDENTIFIER = Net.Silex.iColregs;
				PRODUCT_NAME = "$(TARGET_NAME)";
				PROVISIONING_PROFILE_SPECIFIER = "";
				"PROVISIONING_PROFILE_SPECIFIER[sdk=iphoneos*]" = "Colregs Profile";
				SUPPORTED_PLATFORMS = "iphoneos iphonesimulator";
				SUPPORTS_MACCATALYST = NO;
				SUPPORTS_MAC_DESIGNED_FOR_IPHONE_IPAD = NO;
				SUPPORTS_XR_DESIGNED_FOR_IPHONE_IPAD = NO;
				SWIFT_EMIT_LOC_STRINGS = YES;
				SWIFT_VERSION = 5.0;
				TARGETED_DEVICE_FAMILY = "1,2";
			};
			name = Release;
		};
/* End XCBuildConfiguration section */

/* Begin XCConfigurationList section */
		EF2C63B82C21AE2800948AAA /* Build configuration list for PBXProject "iColregs" */ = {
			isa = XCConfigurationList;
			buildConfigurations = (
				EF2C63C92C21AE2900948AAA /* Debug */,
				EF2C63CA2C21AE2900948AAA /* Release */,
			);
			defaultConfigurationIsVisible = 0;
			defaultConfigurationName = Release;
		};
		EF2C63CB2C21AE2900948AAA /* Build configuration list for PBXNativeTarget "iColregs" */ = {
			isa = XCConfigurationList;
			buildConfigurations = (
				EF2C63CC2C21AE2900948AAA /* Debug */,
				EF2C63CD2C21AE2900948AAA /* Release */,
			);
			defaultConfigurationIsVisible = 0;
			defaultConfigurationName = Release;
		};
/* End XCConfigurationList section */
	};
	rootObject = EF2C63B52C21AE2800948AAA /* Project object */;
}
